
Microsoft Visual Studio Solution File, Format Version 12.00
# Visual Studio Version 16
VisualStudioVersion = 16.0.29709.97
MinimumVisualStudioVersion = 10.0.40219.1
Project("{FAE04EC0-301F-11D3-BF4B-00C04F79EFBC}") = "LifeHepler", "LifeHepler\LifeHepler.csproj", "{D0DD51D1-13F8-45D7-8FE7-F5FF2F044CE5}"
EndProject
Global
	GlobalSection(SolutionConfigurationPlatforms) = preSolution
		Debug|Any CPU = Debug|Any CPU
		Release|Any CPU = Release|Any CPU
	EndGlobalSection
	GlobalSection(ProjectConfigurationPlatforms) = postSolution
		{D0DD51D1-13F8-45D7-8FE7-F5FF2F044CE5}.Debug|Any CPU.ActiveCfg = Debug|Any CPU
		{D0DD51D1-13F8-45D7-8FE7-F5FF2F044CE5}.Debug|Any CPU.Build.0 = Debug|Any CPU
		{D0DD51D1-13F8-45D7-8FE7-F5FF2F044CE5}.Release|Any CPU.ActiveCfg = Release|Any CPU
		{D0DD51D1-13F8-45D7-8FE7-F5FF2F044CE5}.Release|Any CPU.Build.0 = Release|Any CPU
	EndGlobalSection
	GlobalSection(SolutionProperties) = preSolution
		HideSolutionNode = FALSE
	EndGlobalSection
	GlobalSection(ExtensibilityGlobals) = postSolution
		SolutionGuid = {E76624E7-A480-45F8-BD27-F8A874AA2D75}
	EndGlobalSection
EndGlobal
